
Microsoft Visual Studio Solution File, Format Version 12.00
# Visual Studio Version 17
VisualStudioVersion = 17.3.32929.385
MinimumVisualStudioVersion = 10.0.40219.1
Project("{FAE04EC0-301F-11D3-BF4B-00C04F79EFBC}") = "Archivator", "Archivator\Archivator.csproj", "{3B2DF4AE-97D4-4C67-BFD4-2BE693EC0D59}"
EndProject
Global
	GlobalSection(SolutionConfigurationPlatforms) = preSolution
		Debug|Any CPU = Debug|Any CPU
		Release|Any CPU = Release|Any CPU
	EndGlobalSection
	GlobalSection(ProjectConfigurationPlatforms) = postSolution
		{3B2DF4AE-97D4-4C67-BFD4-2BE693EC0D59}.Debug|Any CPU.ActiveCfg = Debug|Any CPU
		{3B2DF4AE-97D4-4C67-BFD4-2BE693EC0D59}.Debug|Any CPU.Build.0 = Debug|Any CPU
		{3B2DF4AE-97D4-4C67-BFD4-2BE693EC0D59}.Release|Any CPU.ActiveCfg = Release|Any CPU
		{3B2DF4AE-97D4-4C67-BFD4-2BE693EC0D59}.Release|Any CPU.Build.0 = Release|Any CPU
	EndGlobalSection
	GlobalSection(SolutionProperties) = preSolution
		HideSolutionNode = FALSE
	EndGlobalSection
	GlobalSection(ExtensibilityGlobals) = postSolution
		SolutionGuid = {FB664085-91F8-4179-B183-818E87281632}
	EndGlobalSection
EndGlobal
